// !$*UTF8*$!
{
	archiveVersion = 1;
	classes = {
	};
	objectVersion = 56;
	objects = {

/* Begin PBXBuildFile section */
		DC481D172908EFBE00552C85 /* UnicornAppApp.swift in Sources */ = {isa = PBXBuildFile; fileRef = DC481D162908EFBE00552C85 /* UnicornAppApp.swift */; };
		DC481D192908EFBE00552C85 /* ContentView.swift in Sources */ = {isa = PBXBuildFile; fileRef = DC481D182908EFBE00552C85 /* ContentView.swift */; };
		DC481D1B2908EFBF00552C85 /* Assets.xcassets in Resources */ = {isa = PBXBuildFile; fileRef = DC481D1A2908EFBF00552C85 /* Assets.xcassets */; };
		DC481D1E2908EFBF00552C85 /* Preview Assets.xcassets in Resources */ = {isa = PBXBuildFile; fileRef = DC481D1D2908EFBF00552C85 /* Preview Assets.xcassets */; };
		DC481D282908EFBF00552C85 /* UnicornAppTests.swift in Sources */ = {isa = PBXBuildFile; fileRef = DC481D272908EFBF00552C85 /* UnicornAppTests.swift */; };
		DC481D322908EFBF00552C85 /* UnicornAppUITests.swift in Sources */ = {isa = PBXBuildFile; fileRef = DC481D312908EFBF00552C85 /* UnicornAppUITests.swift */; };
		DC481D342908EFBF00552C85 /* UnicornAppUITestsLaunchTests.swift in Sources */ = {isa = PBXBuildFile; fileRef = DC481D332908EFBF00552C85 /* UnicornAppUITestsLaunchTests.swift */; };
		DC481D7F29091CEF00552C85 /* Engine.swift in Sources */ = {isa = PBXBuildFile; fileRef = DC481D7E29091CEF00552C85 /* Engine.swift */; };
		DC481D8129091D2000552C85 /* Reactor.swift in Sources */ = {isa = PBXBuildFile; fileRef = DC481D8029091D2000552C85 /* Reactor.swift */; };
/* End PBXBuildFile section */

/* Begin PBXContainerItemProxy section */
		DC481D242908EFBF00552C85 /* PBXContainerItemProxy */ = {
			isa = PBXContainerItemProxy;
			containerPortal = DC481D0B2908EFBE00552C85 /* Project object */;
			proxyType = 1;
			remoteGlobalIDString = DC481D122908EFBE00552C85;
			remoteInfo = UnicornApp;
		};
		DC481D2E2908EFBF00552C85 /* PBXContainerItemProxy */ = {
			isa = PBXContainerItemProxy;
			containerPortal = DC481D0B2908EFBE00552C85 /* Project object */;
			proxyType = 1;
			remoteGlobalIDString = DC481D122908EFBE00552C85;
			remoteInfo = UnicornApp;
		};
/* End PBXContainerItemProxy section */

/* Begin PBXFileReference section */
		DC481D132908EFBE00552C85 /* UnicornApp.app */ = {isa = PBXFileReference; explicitFileType = wrapper.application; includeInIndex = 0; path = UnicornApp.app; sourceTree = BUILT_PRODUCTS_DIR; };
		DC481D162908EFBE00552C85 /* UnicornAppApp.swift */ = {isa = PBXFileReference; lastKnownFileType = sourcecode.swift; path = UnicornAppApp.swift; sourceTree = "<group>"; };
		DC481D182908EFBE00552C85 /* ContentView.swift */ = {isa = PBXFileReference; lastKnownFileType = sourcecode.swift; path = ContentView.swift; sourceTree = "<group>"; };
		DC481D1A2908EFBF00552C85 /* Assets.xcassets */ = {isa = PBXFileReference; lastKnownFileType = folder.assetcatalog; path = Assets.xcassets; sourceTree = "<group>"; };
		DC481D1D2908EFBF00552C85 /* Preview Assets.xcassets */ = {isa = PBXFileReference; lastKnownFileType = folder.assetcatalog; path = "Preview Assets.xcassets"; sourceTree = "<group>"; };
		DC481D232908EFBF00552C85 /* UnicornAppTests.xctest */ = {isa = PBXFileReference; explicitFileType = wrapper.cfbundle; includeInIndex = 0; path = UnicornAppTests.xctest; sourceTree = BUILT_PRODUCTS_DIR; };
		DC481D272908EFBF00552C85 /* UnicornAppTests.swift */ = {isa = PBXFileReference; lastKnownFileType = sourcecode.swift; path = UnicornAppTests.swift; sourceTree = "<group>"; };
		DC481D2D2908EFBF00552C85 /* UnicornAppUITests.xctest */ = {isa = PBXFileReference; explicitFileType = wrapper.cfbundle; includeInIndex = 0; path = UnicornAppUITests.xctest; sourceTree = BUILT_PRODUCTS_DIR; };
		DC481D312908EFBF00552C85 /* UnicornAppUITests.swift */ = {isa = PBXFileReference; lastKnownFileType = sourcecode.swift; path = UnicornAppUITests.swift; sourceTree = "<group>"; };
		DC481D332908EFBF00552C85 /* UnicornAppUITestsLaunchTests.swift */ = {isa = PBXFileReference; lastKnownFileType = sourcecode.swift; path = UnicornAppUITestsLaunchTests.swift; sourceTree = "<group>"; };
		DC481D7E29091CEF00552C85 /* Engine.swift */ = {isa = PBXFileReference; lastKnownFileType = sourcecode.swift; path = Engine.swift; sourceTree = "<group>"; };
		DC481D8029091D2000552C85 /* Reactor.swift */ = {isa = PBXFileReference; lastKnownFileType = sourcecode.swift; path = Reactor.swift; sourceTree = "<group>"; };
/* End PBXFileReference section */

/* Begin PBXFrameworksBuildPhase section */
		DC481D102908EFBE00552C85 /* Frameworks */ = {
			isa = PBXFrameworksBuildPhase;
			buildActionMask = 2147483647;
			files = (
			);
			runOnlyForDeploymentPostprocessing = 0;
		};
		DC481D202908EFBF00552C85 /* Frameworks */ = {
			isa = PBXFrameworksBuildPhase;
			buildActionMask = 2147483647;
			files = (
			);
			runOnlyForDeploymentPostprocessing = 0;
		};
		DC481D2A2908EFBF00552C85 /* Frameworks */ = {
			isa = PBXFrameworksBuildPhase;
			buildActionMask = 2147483647;
			files = (
			);
			runOnlyForDeploymentPostprocessing = 0;
		};
/* End PBXFrameworksBuildPhase section */

/* Begin PBXGroup section */
		DC481D0A2908EFBE00552C85 = {
			isa = PBXGroup;
			children = (
				DC481D152908EFBE00552C85 /* UnicornApp */,
				DC481D262908EFBF00552C85 /* UnicornAppTests */,
				DC481D302908EFBF00552C85 /* UnicornAppUITests */,
				DC481D142908EFBE00552C85 /* Products */,
			);
			sourceTree = "<group>";
		};
		DC481D142908EFBE00552C85 /* Products */ = {
			isa = PBXGroup;
			children = (
				DC481D132908EFBE00552C85 /* UnicornApp.app */,
				DC481D232908EFBF00552C85 /* UnicornAppTests.xctest */,
				DC481D2D2908EFBF00552C85 /* UnicornAppUITests.xctest */,
			);
			name = Products;
			sourceTree = "<group>";
		};
		DC481D152908EFBE00552C85 /* UnicornApp */ = {
			isa = PBXGroup;
			children = (
				DC481D162908EFBE00552C85 /* UnicornAppApp.swift */,
				DC481D182908EFBE00552C85 /* ContentView.swift */,
				DC481D1A2908EFBF00552C85 /* Assets.xcassets */,
				DC481D1C2908EFBF00552C85 /* Preview Content */,
				DC481D7E29091CEF00552C85 /* Engine.swift */,
				DC481D8029091D2000552C85 /* Reactor.swift */,
			);
			path = UnicornApp;
			sourceTree = "<group>";
		};
		DC481D1C2908EFBF00552C85 /* Preview Content */ = {
			isa = PBXGroup;
			children = (
				DC481D1D2908EFBF00552C85 /* Preview Assets.xcassets */,
			);
			path = "Preview Content";
			sourceTree = "<group>";
		};
		DC481D262908EFBF00552C85 /* UnicornAppTests */ = {
			isa = PBXGroup;
			children = (
				DC481D272908EFBF00552C85 /* UnicornAppTests.swift */,
			);
			path = UnicornAppTests;
			sourceTree = "<group>";
		};
		DC481D302908EFBF00552C85 /* UnicornAppUITests */ = {
			isa = PBXGroup;
			children = (
				DC481D312908EFBF00552C85 /* UnicornAppUITests.swift */,
				DC481D332908EFBF00552C85 /* UnicornAppUITestsLaunchTests.swift */,
			);
			path = UnicornAppUITests;
			sourceTree = "<group>";
		};
/* End PBXGroup section */

/* Begin PBXNativeTarget section */
		DC481D122908EFBE00552C85 /* UnicornApp */ = {
			isa = PBXNativeTarget;
			buildConfigurationList = DC481D372908EFBF00552C85 /* Build configuration list for PBXNativeTarget "UnicornApp" */;
			buildPhases = (
				DC481D0F2908EFBE00552C85 /* Sources */,
				DC481D102908EFBE00552C85 /* Frameworks */,
				DC481D112908EFBE00552C85 /* Resources */,
			);
			buildRules = (
			);
			dependencies = (
			);
			name = UnicornApp;
			productName = UnicornApp;
			productReference = DC481D132908EFBE00552C85 /* UnicornApp.app */;
			productType = "com.apple.product-type.application";
		};
		DC481D222908EFBF00552C85 /* UnicornAppTests */ = {
			isa = PBXNativeTarget;
			buildConfigurationList = DC481D3A2908EFBF00552C85 /* Build configuration list for PBXNativeTarget "UnicornAppTests" */;
			buildPhases = (
				DC481D1F2908EFBF00552C85 /* Sources */,
				DC481D202908EFBF00552C85 /* Frameworks */,
				DC481D212908EFBF00552C85 /* Resources */,
			);
			buildRules = (
			);
			dependencies = (
				DC481D252908EFBF00552C85 /* PBXTargetDependency */,
			);
			name = UnicornAppTests;
			productName = UnicornAppTests;
			productReference = DC481D232908EFBF00552C85 /* UnicornAppTests.xctest */;
			productType = "com.apple.product-type.bundle.unit-test";
		};
		DC481D2C2908EFBF00552C85 /* UnicornAppUITests */ = {
			isa = PBXNativeTarget;
			buildConfigurationList = DC481D3D2908EFBF00552C85 /* Build configuration list for PBXNativeTarget "UnicornAppUITests" */;
			buildPhases = (
				DC481D292908EFBF00552C85 /* Sources */,
				DC481D2A2908EFBF00552C85 /* Frameworks */,
				DC481D2B2908EFBF00552C85 /* Resources */,
			);
			buildRules = (
			);
			dependencies = (
				DC481D2F2908EFBF00552C85 /* PBXTargetDependency */,
			);
			name = UnicornAppUITests;
			productName = UnicornAppUITests;
			productReference = DC481D2D2908EFBF00552C85 /* UnicornAppUITests.xctest */;
			productType = "com.apple.product-type.bundle.ui-testing";
		};
/* End PBXNativeTarget section */

/* Begin PBXProject section */
		DC481D0B2908EFBE00552C85 /* Project object */ = {
			isa = PBXProject;
			attributes = {
				BuildIndependentTargetsInParallel = 1;
				LastSwiftUpdateCheck = 1400;
				LastUpgradeCheck = 1400;
				TargetAttributes = {
					DC481D122908EFBE00552C85 = {
						CreatedOnToolsVersion = 14.0.1;
					};
					DC481D222908EFBF00552C85 = {
						CreatedOnToolsVersion = 14.0.1;
						TestTargetID = DC481D122908EFBE00552C85;
					};
					DC481D2C2908EFBF00552C85 = {
						CreatedOnToolsVersion = 14.0.1;
						TestTargetID = DC481D122908EFBE00552C85;
					};
				};
			};
			buildConfigurationList = DC481D0E2908EFBE00552C85 /* Build configuration list for PBXProject "UnicornApp" */;
			compatibilityVersion = "Xcode 14.0";
			developmentRegion = en;
			hasScannedForEncodings = 0;
			knownRegions = (
				en,
				Base,
			);
			mainGroup = DC481D0A2908EFBE00552C85;
			productRefGroup = DC481D142908EFBE00552C85 /* Products */;
			projectDirPath = "";
			projectRoot = "";
			targets = (
				DC481D122908EFBE00552C85 /* UnicornApp */,
				DC481D222908EFBF00552C85 /* UnicornAppTests */,
				DC481D2C2908EFBF00552C85 /* UnicornAppUITests */,
			);
		};
/* End PBXProject section */

/* Begin PBXResourcesBuildPhase section */
		DC481D112908EFBE00552C85 /* Resources */ = {
			isa = PBXResourcesBuildPhase;
			buildActionMask = 2147483647;
			files = (
				DC481D1E2908EFBF00552C85 /* Preview Assets.xcassets in Resources */,
				DC481D1B2908EFBF00552C85 /* Assets.xcassets in Resources */,
			);
			runOnlyForDeploymentPostprocessing = 0;
		};
		DC481D212908EFBF00552C85 /* Resources */ = {
			isa = PBXResourcesBuildPhase;
			buildActionMask = 2147483647;
			files = (
			);
			runOnlyForDeploymentPostprocessing = 0;
		};
		DC481D2B2908EFBF00552C85 /* Resources */ = {
			isa = PBXResourcesBuildPhase;
			buildActionMask = 2147483647;
			files = (
			);
			runOnlyForDeploymentPostprocessing = 0;
		};
/* End PBXResourcesBuildPhase section */

/* Begin PBXSourcesBuildPhase section */
		DC481D0F2908EFBE00552C85 /* Sources */ = {
			isa = PBXSourcesBuildPhase;
			buildActionMask = 2147483647;
			files = (
				DC481D8129091D2000552C85 /* Reactor.swift in Sources */,
				DC481D192908EFBE00552C85 /* ContentView.swift in Sources */,
				DC481D7F29091CEF00552C85 /* Engine.swift in Sources */,
				DC481D172908EFBE00552C85 /* UnicornAppApp.swift in Sources */,
			);
			runOnlyForDeploymentPostprocessing = 0;
		};
		DC481D1F2908EFBF00552C85 /* Sources */ = {
			isa = PBXSourcesBuildPhase;
			buildActionMask = 2147483647;
			files = (
				DC481D282908EFBF00552C85 /* UnicornAppTests.swift in Sources */,
			);
			runOnlyForDeploymentPostprocessing = 0;
		};
		DC481D292908EFBF00552C85 /* Sources */ = {
			isa = PBXSourcesBuildPhase;
			buildActionMask = 2147483647;
			files = (
				DC481D322908EFBF00552C85 /* UnicornAppUITests.swift in Sources */,
				DC481D342908EFBF00552C85 /* UnicornAppUITestsLaunchTests.swift in Sources */,
			);
			runOnlyForDeploymentPostprocessing = 0;
		};
/* End PBXSourcesBuildPhase section */

/* Begin PBXTargetDependency section */
		DC481D252908EFBF00552C85 /* PBXTargetDependency */ = {
			isa = PBXTargetDependency;
			target = DC481D122908EFBE00552C85 /* UnicornApp */;
			targetProxy = DC481D242908EFBF00552C85 /* PBXContainerItemProxy */;
		};
		DC481D2F2908EFBF00552C85 /* PBXTargetDependency */ = {
			isa = PBXTargetDependency;
			target = DC481D122908EFBE00552C85 /* UnicornApp */;
			targetProxy = DC481D2E2908EFBF00552C85 /* PBXContainerItemProxy */;
		};
/* End PBXTargetDependency section */

/* Begin XCBuildConfiguration section */
		DC481D352908EFBF00552C85 /* Debug */ = {
			isa = XCBuildConfiguration;
			buildSettings = {
				ALWAYS_SEARCH_USER_PATHS = NO;
				CLANG_ANALYZER_NONNULL = YES;
				CLANG_ANALYZER_NUMBER_OBJECT_CONVERSION = YES_AGGRESSIVE;
				CLANG_CXX_LANGUAGE_STANDARD = "gnu++20";
				CLANG_ENABLE_MODULES = YES;
				CLANG_ENABLE_OBJC_ARC = YES;
				CLANG_ENABLE_OBJC_WEAK = YES;
				CLANG_WARN_BLOCK_CAPTURE_AUTORELEASING = YES;
				CLANG_WARN_BOOL_CONVERSION = YES;
				CLANG_WARN_COMMA = YES;
				CLANG_WARN_CONSTANT_CONVERSION = YES;
				CLANG_WARN_DEPRECATED_OBJC_IMPLEMENTATIONS = YES;
				CLANG_WARN_DIRECT_OBJC_ISA_USAGE = YES_ERROR;
				CLANG_WARN_DOCUMENTATION_COMMENTS = YES;
				CLANG_WARN_EMPTY_BODY = YES;
				CLANG_WARN_ENUM_CONVERSION = YES;
				CLANG_WARN_INFINITE_RECURSION = YES;
				CLANG_WARN_INT_CONVERSION = YES;
				CLANG_WARN_NON_LITERAL_NULL_CONVERSION = YES;
				CLANG_WARN_OBJC_IMPLICIT_RETAIN_SELF = YES;
				CLANG_WARN_OBJC_LITERAL_CONVERSION = YES;
				CLANG_WARN_OBJC_ROOT_CLASS = YES_ERROR;
				CLANG_WARN_QUOTED_INCLUDE_IN_FRAMEWORK_HEADER = YES;
				CLANG_WARN_RANGE_LOOP_ANALYSIS = YES;
				CLANG_WARN_STRICT_PROTOTYPES = YES;
				CLANG_WARN_SUSPICIOUS_MOVE = YES;
				CLANG_WARN_UNGUARDED_AVAILABILITY = YES_AGGRESSIVE;
				CLANG_WARN_UNREACHABLE_CODE = YES;
				CLANG_WARN__DUPLICATE_METHOD_MATCH = YES;
				COPY_PHASE_STRIP = NO;
				DEBUG_INFORMATION_FORMAT = dwarf;
				ENABLE_STRICT_OBJC_MSGSEND = YES;
				ENABLE_TESTABILITY = YES;
				GCC_C_LANGUAGE_STANDARD = gnu11;
				GCC_DYNAMIC_NO_PIC = NO;
				GCC_NO_COMMON_BLOCKS = YES;
				GCC_OPTIMIZATION_LEVEL = 0;
				GCC_PREPROCESSOR_DEFINITIONS = (
					"DEBUG=1",
					"$(inherited)",
				);
				GCC_WARN_64_TO_32_BIT_CONVERSION = YES;
				GCC_WARN_ABOUT_RETURN_TYPE = YES_ERROR;
				GCC_WARN_UNDECLARED_SELECTOR = YES;
				GCC_WARN_UNINITIALIZED_AUTOS = YES_AGGRESSIVE;
				GCC_WARN_UNUSED_FUNCTION = YES;
				GCC_WARN_UNUSED_VARIABLE = YES;
				IPHONEOS_DEPLOYMENT_TARGET = 16.0;
				MTL_ENABLE_DEBUG_INFO = INCLUDE_SOURCE;
				MTL_FAST_MATH = YES;
				ONLY_ACTIVE_ARCH = YES;
				SDKROOT = iphoneos;
				SWIFT_ACTIVE_COMPILATION_CONDITIONS = DEBUG;
				SWIFT_OPTIMIZATION_LEVEL = "-Onone";
			};
			name = Debug;
		};
		DC481D362908EFBF00552C85 /* Release */ = {
			isa = XCBuildConfiguration;
			buildSettings = {
				ALWAYS_SEARCH_USER_PATHS = NO;
				CLANG_ANALYZER_NONNULL = YES;
				CLANG_ANALYZER_NUMBER_OBJECT_CONVERSION = YES_AGGRESSIVE;
				CLANG_CXX_LANGUAGE_STANDARD = "gnu++20";
				CLANG_ENABLE_MODULES = YES;
				CLANG_ENABLE_OBJC_ARC = YES;
				CLANG_ENABLE_OBJC_WEAK = YES;
				CLANG_WARN_BLOCK_CAPTURE_AUTORELEASING = YES;
				CLANG_WARN_BOOL_CONVERSION = YES;
				CLANG_WARN_COMMA = YES;
				CLANG_WARN_CONSTANT_CONVERSION = YES;
				CLANG_WARN_DEPRECATED_OBJC_IMPLEMENTATIONS = YES;
				CLANG_WARN_DIRECT_OBJC_ISA_USAGE = YES_ERROR;
				CLANG_WARN_DOCUMENTATION_COMMENTS = YES;
				CLANG_WARN_EMPTY_BODY = YES;
				CLANG_WARN_ENUM_CONVERSION = YES;
				CLANG_WARN_INFINITE_RECURSION = YES;
				CLANG_WARN_INT_CONVERSION = YES;
				CLANG_WARN_NON_LITERAL_NULL_CONVERSION = YES;
				CLANG_WARN_OBJC_IMPLICIT_RETAIN_SELF = YES;
				CLANG_WARN_OBJC_LITERAL_CONVERSION = YES;
				CLANG_WARN_OBJC_ROOT_CLASS = YES_ERROR;
				CLANG_WARN_QUOTED_INCLUDE_IN_FRAMEWORK_HEADER = YES;
				CLANG_WARN_RANGE_LOOP_ANALYSIS = YES;
				CLANG_WARN_STRICT_PROTOTYPES = YES;
				CLANG_WARN_SUSPICIOUS_MOVE = YES;
				CLANG_WARN_UNGUARDED_AVAILABILITY = YES_AGGRESSIVE;
				CLANG_WARN_UNREACHABLE_CODE = YES;
				CLANG_WARN__DUPLICATE_METHOD_MATCH = YES;
				COPY_PHASE_STRIP = NO;
				DEBUG_INFORMATION_FORMAT = "dwarf-with-dsym";
				ENABLE_NS_ASSERTIONS = NO;
				ENABLE_STRICT_OBJC_MSGSEND = YES;
				GCC_C_LANGUAGE_STANDARD = gnu11;
				GCC_NO_COMMON_BLOCKS = YES;
				GCC_WARN_64_TO_32_BIT_CONVERSION = YES;
				GCC_WARN_ABOUT_RETURN_TYPE = YES_ERROR;
				GCC_WARN_UNDECLARED_SELECTOR = YES;
				GCC_WARN_UNINITIALIZED_AUTOS = YES_AGGRESSIVE;
				GCC_WARN_UNUSED_FUNCTION = YES;
				GCC_WARN_UNUSED_VARIABLE = YES;
				IPHONEOS_DEPLOYMENT_TARGET = 16.0;
				MTL_ENABLE_DEBUG_INFO = NO;
				MTL_FAST_MATH = YES;
				SDKROOT = iphoneos;
				SWIFT_COMPILATION_MODE = wholemodule;
				SWIFT_OPTIMIZATION_LEVEL = "-O";
				VALIDATE_PRODUCT = YES;
			};
			name = Release;
		};
		DC481D382908EFBF00552C85 /* Debug */ = {
			isa = XCBuildConfiguration;
			buildSettings = {
				ASSETCATALOG_COMPILER_APPICON_NAME = AppIcon;
				ASSETCATALOG_COMPILER_GLOBAL_ACCENT_COLOR_NAME = AccentColor;
				CODE_SIGN_STYLE = Automatic;
				CURRENT_PROJECT_VERSION = 1;
				DEVELOPMENT_ASSET_PATHS = "\"UnicornApp/Preview Content\"";
				ENABLE_PREVIEWS = YES;
				GENERATE_INFOPLIST_FILE = YES;
				INFOPLIST_KEY_UIApplicationSceneManifest_Generation = YES;
				INFOPLIST_KEY_UIApplicationSupportsIndirectInputEvents = YES;
				INFOPLIST_KEY_UILaunchScreen_Generation = YES;
				INFOPLIST_KEY_UISupportedInterfaceOrientations_iPad = "UIInterfaceOrientationPortrait UIInterfaceOrientationPortraitUpsideDown UIInterfaceOrientationLandscapeLeft UIInterfaceOrientationLandscapeRight";
				INFOPLIST_KEY_UISupportedInterfaceOrientations_iPhone = "UIInterfaceOrientationPortrait UIInterfaceOrientationLandscapeLeft UIInterfaceOrientationLandscapeRight";
				LD_RUNPATH_SEARCH_PATHS = (
					"$(inherited)",
					"@executable_path/Frameworks",
				);
				MARKETING_VERSION = 1.0;
				PRODUCT_BUNDLE_IDENTIFIER = com.codelabspro.mobile.ios.unicornapp.UnicornApp;
				PRODUCT_NAME = "$(TARGET_NAME)";
				SWIFT_EMIT_LOC_STRINGS = YES;
				SWIFT_VERSION = 5.0;
				TARGETED_DEVICE_FAMILY = "1,2";
			};
			name = Debug;
		};
		DC481D392908EFBF00552C85 /* Release */ = {
			isa = XCBuildConfiguration;
			buildSettings = {
				ASSETCATALOG_COMPILER_APPICON_NAME = AppIcon;
				ASSETCATALOG_COMPILER_GLOBAL_ACCENT_COLOR_NAME = AccentColor;
				CODE_SIGN_STYLE = Automatic;
				CURRENT_PROJECT_VERSION = 1;
				DEVELOPMENT_ASSET_PATHS = "\"UnicornApp/Preview Content\"";
				ENABLE_PREVIEWS = YES;
				GENERATE_INFOPLIST_FILE = YES;
				INFOPLIST_KEY_UIApplicationSceneManifest_Generation = YES;
				INFOPLIST_KEY_UIApplicationSupportsIndirectInputEvents = YES;
				INFOPLIST_KEY_UILaunchScreen_Generation = YES;
				INFOPLIST_KEY_UISupportedInterfaceOrientations_iPad = "UIInterfaceOrientationPortrait UIInterfaceOrientationPortraitUpsideDown UIInterfaceOrientationLandscapeLeft UIInterfaceOrientationLandscapeRight";
				INFOPLIST_KEY_UISupportedInterfaceOrientations_iPhone = "UIInterfaceOrientationPortrait UIInterfaceOrientationLandscapeLeft UIInterfaceOrientationLandscapeRight";
				LD_RUNPATH_SEARCH_PATHS = (
					"$(inherited)",
					"@executable_path/Frameworks",
				);
				MARKETING_VERSION = 1.0;
				PRODUCT_BUNDLE_IDENTIFIER = com.codelabspro.mobile.ios.unicornapp.UnicornApp;
				PRODUCT_NAME = "$(TARGET_NAME)";
				SWIFT_EMIT_LOC_STRINGS = YES;
				SWIFT_VERSION = 5.0;
				TARGETED_DEVICE_FAMILY = "1,2";
			};
			name = Release;
		};
		DC481D3B2908EFBF00552C85 /* Debug */ = {
			isa = XCBuildConfiguration;
			buildSettings = {
				ALWAYS_EMBED_SWIFT_STANDARD_LIBRARIES = YES;
				BUNDLE_LOADER = "$(TEST_HOST)";
				CODE_SIGN_STYLE = Automatic;
				CURRENT_PROJECT_VERSION = 1;
				GENERATE_INFOPLIST_FILE = YES;
				IPHONEOS_DEPLOYMENT_TARGET = 16.0;
				MARKETING_VERSION = 1.0;
				PRODUCT_BUNDLE_IDENTIFIER = com.codelabspro.mobile.ios.unicornapp.UnicornAppTests;
				PRODUCT_NAME = "$(TARGET_NAME)";
				SWIFT_EMIT_LOC_STRINGS = NO;
				SWIFT_VERSION = 5.0;
				TARGETED_DEVICE_FAMILY = "1,2";
				TEST_HOST = "$(BUILT_PRODUCTS_DIR)/UnicornApp.app/$(BUNDLE_EXECUTABLE_FOLDER_PATH)/UnicornApp";
			};
			name = Debug;
		};
		DC481D3C2908EFBF00552C85 /* Release */ = {
			isa = XCBuildConfiguration;
			buildSettings = {
				ALWAYS_EMBED_SWIFT_STANDARD_LIBRARIES = YES;
				BUNDLE_LOADER = "$(TEST_HOST)";
				CODE_SIGN_STYLE = Automatic;
				CURRENT_PROJECT_VERSION = 1;
				GENERATE_INFOPLIST_FILE = YES;
				IPHONEOS_DEPLOYMENT_TARGET = 16.0;
				MARKETING_VERSION = 1.0;
				PRODUCT_BUNDLE_IDENTIFIER = com.codelabspro.mobile.ios.unicornapp.UnicornAppTests;
				PRODUCT_NAME = "$(TARGET_NAME)";
				SWIFT_EMIT_LOC_STRINGS = NO;
				SWIFT_VERSION = 5.0;
				TARGETED_DEVICE_FAMILY = "1,2";
				TEST_HOST = "$(BUILT_PRODUCTS_DIR)/UnicornApp.app/$(BUNDLE_EXECUTABLE_FOLDER_PATH)/UnicornApp";
			};
			name = Release;
		};
		DC481D3E2908EFBF00552C85 /* Debug */ = {
			isa = XCBuildConfiguration;
			buildSettings = {
				ALWAYS_EMBED_SWIFT_STANDARD_LIBRARIES = YES;
				CODE_SIGN_STYLE = Automatic;
				CURRENT_PROJECT_VERSION = 1;
				GENERATE_INFOPLIST_FILE = YES;
				MARKETING_VERSION = 1.0;
				PRODUCT_BUNDLE_IDENTIFIER = com.codelabspro.mobile.ios.unicornapp.UnicornAppUITests;
				PRODUCT_NAME = "$(TARGET_NAME)";
				SWIFT_EMIT_LOC_STRINGS = NO;
				SWIFT_VERSION = 5.0;
				TARGETED_DEVICE_FAMILY = "1,2";
				TEST_TARGET_NAME = UnicornApp;
			};
			name = Debug;
		};
		DC481D3F2908EFBF00552C85 /* Release */ = {
			isa = XCBuildConfiguration;
			buildSettings = {
				ALWAYS_EMBED_SWIFT_STANDARD_LIBRARIES = YES;
				CODE_SIGN_STYLE = Automatic;
				CURRENT_PROJECT_VERSION = 1;
				GENERATE_INFOPLIST_FILE = YES;
				MARKETING_VERSION = 1.0;
				PRODUCT_BUNDLE_IDENTIFIER = com.codelabspro.mobile.ios.unicornapp.UnicornAppUITests;
				PRODUCT_NAME = "$(TARGET_NAME)";
				SWIFT_EMIT_LOC_STRINGS = NO;
				SWIFT_VERSION = 5.0;
				TARGETED_DEVICE_FAMILY = "1,2";
				TEST_TARGET_NAME = UnicornApp;
			};
			name = Release;
		};
/* End XCBuildConfiguration section */

/* Begin XCConfigurationList section */
		DC481D0E2908EFBE00552C85 /* Build configuration list for PBXProject "UnicornApp" */ = {
			isa = XCConfigurationList;
			buildConfigurations = (
				DC481D352908EFBF00552C85 /* Debug */,
				DC481D362908EFBF00552C85 /* Release */,
			);
			defaultConfigurationIsVisible = 0;
			defaultConfigurationName = Release;
		};
		DC481D372908EFBF00552C85 /* Build configuration list for PBXNativeTarget "UnicornApp" */ = {
			isa = XCConfigurationList;
			buildConfigurations = (
				DC481D382908EFBF00552C85 /* Debug */,
				DC481D392908EFBF00552C85 /* Release */,
			);
			defaultConfigurationIsVisible = 0;
			defaultConfigurationName = Release;
		};
		DC481D3A2908EFBF00552C85 /* Build configuration list for PBXNativeTarget "UnicornAppTests" */ = {
			isa = XCConfigurationList;
			buildConfigurations = (
				DC481D3B2908EFBF00552C85 /* Debug */,
				DC481D3C2908EFBF00552C85 /* Release */,
			);
			defaultConfigurationIsVisible = 0;
			defaultConfigurationName = Release;
		};
		DC481D3D2908EFBF00552C85 /* Build configuration list for PBXNativeTarget "UnicornAppUITests" */ = {
			isa = XCConfigurationList;
			buildConfigurations = (
				DC481D3E2908EFBF00552C85 /* Debug */,
				DC481D3F2908EFBF00552C85 /* Release */,
			);
			defaultConfigurationIsVisible = 0;
			defaultConfigurationName = Release;
		};
/* End XCConfigurationList section */
	};
	rootObject = DC481D0B2908EFBE00552C85 /* Project object */;
}
